{
  "nodes": {
    "dotfiles": {
      "flake": false,
      "locked": {
        "lastModified": 1782508588,
        "narHash": "sha256-Ywlpy0MUy4345QnOFmWpYs51f1HN6TRPyH01P+dExlA=",
        "owner": "SpotifyNutzeer",
        "repo": "dotfiles",
        "rev": "4de681fc12448151db3ecb665ddea5b630f559b9",
        "type": "github"
      },
      "original": {
        "owner": "SpotifyNutzeer",
        "repo": "dotfiles",
        "type": "github"
      }
    },
    "home-manager": {
      "inputs": {
        "nixpkgs": [
          "nixpkgs"
        ]
      },
      "locked": {
        "lastModified": 1782423922,
        "narHash": "sha256-qPNd6lUohHP5gcJhqQ7rLV87RwIx0xYR2A4Frb9Zjc4=",
        "owner": "nix-community",
        "repo": "home-manager",
        "rev": "5d320ab301cfaaca7d32514f13815d19d109f5f4",
        "type": "github"
      },
      "original": {
        "owner": "nix-community",
        "repo": "home-manager",
        "type": "github"
      }
    },
    "nixpkgs": {
      "locked": {
        "lastModified": 1782467914,
        "narHash": "sha256-pGvFkM8N0xEkIIXDe5YYfbEAvHrk4IxBrjB/x8OomhE=",
        "owner": "NixOS",
        "repo": "nixpkgs",
        "rev": "e73de5be04e0eff4190a1432b946d469c794e7b4",
        "type": "github"
      },
      "original": {
        "owner": "NixOS",
        "ref": "nixos-unstable",
        "repo": "nixpkgs",
        "type": "github"
      }
    },
    "nixpkgs_2": {
      "locked": {
        "lastModified": 1778580735,
        "narHash": "sha256-t+8AVV8ExvOmslz2sLIgw/hJBKlyl65rJvxjvvjHgpE=",
        "owner": "NixOS",
        "repo": "nixpkgs",
        "rev": "48d91f2c0ce7b9e589f967d4f685153dd765dcdd",
        "type": "github"
      },
      "original": {
        "owner": "NixOS",
        "ref": "nixpkgs-unstable",
        "repo": "nixpkgs",
        "type": "github"
      }
    },
    "root": {
      "inputs": {
        "dotfiles": "dotfiles",
        "home-manager": "home-manager",
        "nixpkgs": "nixpkgs",
        "tidaluna": "tidaluna"
      }
    },
    "tidaluna": {
      "inputs": {
        "nixpkgs": "nixpkgs_2"
      },
      "locked": {
        "lastModified": 1780362194,
        "narHash": "sha256-gdphu9CTy0jmnrFYyfk5QxzH6I3LVOCGfSrIrzklaC8=",
        "owner": "Inrixia",
        "repo": "TidaLuna",
        "rev": "0e69460b08308df508c07a6f4bf2615b3987f2bc",
        "type": "github"
      },
      "original": {
        "owner": "Inrixia",
        "repo": "TidaLuna",
        "type": "github"
      }
    }
  },
  "root": "root",
  "version": 7
}
